
Microsoft Visual Studio Solution File, Format Version 12.00
# Visual Studio Version 16
VisualStudioVersion = 16.0.30114.105
MinimumVisualStudioVersion = 10.0.40219.1
Project("{FAE04EC0-301F-11D3-BF4B-00C04F79EFBC}") = "Dbarone.Net.Mapper", "Dbarone.Net.Mapper\Dbarone.Net.Mapper.csproj", "{061243C1-AA1A-4D47-997C-6B04537701A8}"
EndProject
Project("{FAE04EC0-301F-11D3-BF4B-00C04F79EFBC}") = "Dbarone.Net.Mapper.Tests", "Dbarone.Net.Mapper.Tests\Dbarone.Net.Mapper.Tests.csproj", "{6F0342D1-28DE-4F34-8B66-5FFC5EF43591}"
EndProject
Global
	GlobalSection(SolutionConfigurationPlatforms) = preSolution
		Debug|Any CPU = Debug|Any CPU
		Release|Any CPU = Release|Any CPU
	EndGlobalSection
	GlobalSection(SolutionProperties) = preSolution
		HideSolutionNode = FALSE
	EndGlobalSection
	GlobalSection(ProjectConfigurationPlatforms) = postSolution
		{061243C1-AA1A-4D47-997C-6B04537701A8}.Debug|Any CPU.ActiveCfg = Debug|Any CPU
		{061243C1-AA1A-4D47-997C-6B04537701A8}.Debug|Any CPU.Build.0 = Debug|Any CPU
		{061243C1-AA1A-4D47-997C-6B04537701A8}.Release|Any CPU.ActiveCfg = Release|Any CPU
		{061243C1-AA1A-4D47-997C-6B04537701A8}.Release|Any CPU.Build.0 = Release|Any CPU
		{6F0342D1-28DE-4F34-8B66-5FFC5EF43591}.Debug|Any CPU.ActiveCfg = Debug|Any CPU
		{6F0342D1-28DE-4F34-8B66-5FFC5EF43591}.Debug|Any CPU.Build.0 = Debug|Any CPU
		{6F0342D1-28DE-4F34-8B66-5FFC5EF43591}.Release|Any CPU.ActiveCfg = Release|Any CPU
		{6F0342D1-28DE-4F34-8B66-5FFC5EF43591}.Release|Any CPU.Build.0 = Release|Any CPU
	EndGlobalSection
EndGlobal
